
Microsoft Visual Studio Solution File, Format Version 12.00
# Visual Studio Version 17
VisualStudioVersion = 17.2.32616.157
MinimumVisualStudioVersion = 10.0.40219.1
Project("{9A19103F-16F7-4668-BE54-9A1E7A4F7556}") = "PL", "PL\PL.csproj", "{75C631EC-77A6-433F-A864-2858E4C15CFD}"
EndProject
Project("{9A19103F-16F7-4668-BE54-9A1E7A4F7556}") = "BL", "BL\BL.csproj", "{ACF0FD16-8B0E-4E8C-BCBF-82B2CFBD3DCB}"
EndProject
Project("{9A19103F-16F7-4668-BE54-9A1E7A4F7556}") = "ML", "ML\ML.csproj", "{B9955564-130B-407B-A5AA-D04ABF16C78B}"
EndProject
Project("{9A19103F-16F7-4668-BE54-9A1E7A4F7556}") = "DL", "DL\DL.csproj", "{9699397A-07B2-4658-863F-89038A803A25}"
EndProject
Project("{9A19103F-16F7-4668-BE54-9A1E7A4F7556}") = "PL_CS", "PL_CS\PL_CS.csproj", "{D8517C56-8826-47E2-B185-8B14D6B84F3F}"
EndProject
Project("{FAE04EC0-301F-11D3-BF4B-00C04F79EFBC}") = "SL", "SL\SL.csproj", "{32B08354-4B73-43D7-ACE8-EEF2563FA1FF}"
EndProject
Global
	GlobalSection(SolutionConfigurationPlatforms) = preSolution
		Debug|Any CPU = Debug|Any CPU
		Release|Any CPU = Release|Any CPU
	EndGlobalSection
	GlobalSection(ProjectConfigurationPlatforms) = postSolution
		{75C631EC-77A6-433F-A864-2858E4C15CFD}.Debug|Any CPU.ActiveCfg = Debug|Any CPU
		{75C631EC-77A6-433F-A864-2858E4C15CFD}.Debug|Any CPU.Build.0 = Debug|Any CPU
		{75C631EC-77A6-433F-A864-2858E4C15CFD}.Release|Any CPU.ActiveCfg = Release|Any CPU
		{75C631EC-77A6-433F-A864-2858E4C15CFD}.Release|Any CPU.Build.0 = Release|Any CPU
		{ACF0FD16-8B0E-4E8C-BCBF-82B2CFBD3DCB}.Debug|Any CPU.ActiveCfg = Debug|Any CPU
		{ACF0FD16-8B0E-4E8C-BCBF-82B2CFBD3DCB}.Debug|Any CPU.Build.0 = Debug|Any CPU
		{ACF0FD16-8B0E-4E8C-BCBF-82B2CFBD3DCB}.Release|Any CPU.ActiveCfg = Release|Any CPU
		{ACF0FD16-8B0E-4E8C-BCBF-82B2CFBD3DCB}.Release|Any CPU.Build.0 = Release|Any CPU
		{B9955564-130B-407B-A5AA-D04ABF16C78B}.Debug|Any CPU.ActiveCfg = Debug|Any CPU
		{B9955564-130B-407B-A5AA-D04ABF16C78B}.Debug|Any CPU.Build.0 = Debug|Any CPU
		{B9955564-130B-407B-A5AA-D04ABF16C78B}.Release|Any CPU.ActiveCfg = Release|Any CPU
		{B9955564-130B-407B-A5AA-D04ABF16C78B}.Release|Any CPU.Build.0 = Release|Any CPU
		{9699397A-07B2-4658-863F-89038A803A25}.Debug|Any CPU.ActiveCfg = Debug|Any CPU
		{9699397A-07B2-4658-863F-89038A803A25}.Debug|Any CPU.Build.0 = Debug|Any CPU
		{9699397A-07B2-4658-863F-89038A803A25}.Release|Any CPU.ActiveCfg = Release|Any CPU
		{9699397A-07B2-4658-863F-89038A803A25}.Release|Any CPU.Build.0 = Release|Any CPU
		{D8517C56-8826-47E2-B185-8B14D6B84F3F}.Debug|Any CPU.ActiveCfg = Debug|Any CPU
		{D8517C56-8826-47E2-B185-8B14D6B84F3F}.Debug|Any CPU.Build.0 = Debug|Any CPU
		{D8517C56-8826-47E2-B185-8B14D6B84F3F}.Release|Any CPU.ActiveCfg = Release|Any CPU
		{D8517C56-8826-47E2-B185-8B14D6B84F3F}.Release|Any CPU.Build.0 = Release|Any CPU
		{32B08354-4B73-43D7-ACE8-EEF2563FA1FF}.Debug|Any CPU.ActiveCfg = Debug|Any CPU
		{32B08354-4B73-43D7-ACE8-EEF2563FA1FF}.Debug|Any CPU.Build.0 = Debug|Any CPU
		{32B08354-4B73-43D7-ACE8-EEF2563FA1FF}.Release|Any CPU.ActiveCfg = Release|Any CPU
		{32B08354-4B73-43D7-ACE8-EEF2563FA1FF}.Release|Any CPU.Build.0 = Release|Any CPU
	EndGlobalSection
	GlobalSection(SolutionProperties) = preSolution
		HideSolutionNode = FALSE
	EndGlobalSection
	GlobalSection(ExtensibilityGlobals) = postSolution
		SolutionGuid = {B0A40566-51D7-45AB-9CFA-5215C54323A5}
	EndGlobalSection
EndGlobal
